
Microsoft Visual Studio Solution File, Format Version 12.00
# Visual Studio 15
VisualStudioVersion = 15.0.27703.2035
MinimumVisualStudioVersion = 10.0.40219.1
Project("{9A19103F-16F7-4668-BE54-9A1E7A4F7556}") = "BlockWorks.ClientCloner", "BlockWorks.ClientCloner\BlockWorks.ClientCloner.csproj", "{65B484E8-2094-4A3D-B129-832F9B406B0B}"
EndProject
Project("{FAE04EC0-301F-11D3-BF4B-00C04F79EFBC}") = "BlockWorks.Server", "BlockWorks.Server\BlockWorks.Server.csproj", "{4361D07F-5B81-4AAA-9ECB-1A2E9A715A89}"
EndProject
Project("{FAE04EC0-301F-11D3-BF4B-00C04F79EFBC}") = "BlockWorks.Server.DevStart", "BlockWorks.Server.DevStart\BlockWorks.Server.DevStart.csproj", "{5C3F4DFD-B509-4B48-84EA-AAF68375B4AA}"
EndProject
Global
	GlobalSection(SolutionConfigurationPlatforms) = preSolution
		Debug|Any CPU = Debug|Any CPU
		Release|Any CPU = Release|Any CPU
	EndGlobalSection
	GlobalSection(ProjectConfigurationPlatforms) = postSolution
		{65B484E8-2094-4A3D-B129-832F9B406B0B}.Debug|Any CPU.ActiveCfg = Debug|Any CPU
		{65B484E8-2094-4A3D-B129-832F9B406B0B}.Debug|Any CPU.Build.0 = Debug|Any CPU
		{65B484E8-2094-4A3D-B129-832F9B406B0B}.Release|Any CPU.ActiveCfg = Release|Any CPU
		{65B484E8-2094-4A3D-B129-832F9B406B0B}.Release|Any CPU.Build.0 = Release|Any CPU
		{4361D07F-5B81-4AAA-9ECB-1A2E9A715A89}.Debug|Any CPU.ActiveCfg = Debug|Any CPU
		{4361D07F-5B81-4AAA-9ECB-1A2E9A715A89}.Debug|Any CPU.Build.0 = Debug|Any CPU
		{4361D07F-5B81-4AAA-9ECB-1A2E9A715A89}.Release|Any CPU.ActiveCfg = Release|Any CPU
		{4361D07F-5B81-4AAA-9ECB-1A2E9A715A89}.Release|Any CPU.Build.0 = Release|Any CPU
		{5C3F4DFD-B509-4B48-84EA-AAF68375B4AA}.Debug|Any CPU.ActiveCfg = Debug|Any CPU
		{5C3F4DFD-B509-4B48-84EA-AAF68375B4AA}.Debug|Any CPU.Build.0 = Debug|Any CPU
		{5C3F4DFD-B509-4B48-84EA-AAF68375B4AA}.Release|Any CPU.ActiveCfg = Release|Any CPU
		{5C3F4DFD-B509-4B48-84EA-AAF68375B4AA}.Release|Any CPU.Build.0 = Release|Any CPU
	EndGlobalSection
	GlobalSection(SolutionProperties) = preSolution
		HideSolutionNode = FALSE
	EndGlobalSection
	GlobalSection(ExtensibilityGlobals) = postSolution
		SolutionGuid = {28BBA16E-F40F-42C7-9217-D3BDA8491A77}
	EndGlobalSection
EndGlobal
